<?xml version="1.0" encoding="utf-8"?>
<Project ToolsVersion="4.0" xmlns="http://schemas.microsoft.com/developer/msbuild/2003">
  <ItemGroup>
    <Filter Include="Source Files">
      <UniqueIdentifier>{4FC737F1-C7A5-4376-A066-2A32D752A2FF}</UniqueIdentifier>
      <Extensions>cpp;c;cc;cxx;c++;def;odl;idl;hpj;bat;asm;asmx</Extensions>
    </Filter>
    <Filter Include="Header Files">
      <UniqueIdentifier>{93995380-89BD-4b04-88EB-625FBE52EBFB}</UniqueIdentifier>
      <Extensions>h;hh;hpp;hxx;h++;hm;inl;inc;ipp;xsd</Extensions>
    </Filter>
    <Filter Include="Resource Files">
      <UniqueIdentifier>{67DA6AB6-F800-4c08-8B7A-83BB121AAD01}</UniqueIdentifier>
      <Extensions>rc;ico;cur;bmp;dlg;rc2;rct;bin;rgs;gif;jpg;jpeg;jpe;resx;tiff;tif;png;wav;mfcribbon-ms</Extensions>
    </Filter>
  </ItemGroup>
  <ItemGroup>
    <ClCompile Include="ProiectPOO.cpp">
      <Filter>Source Files</Filter>
    </ClCompile>
    <ClCompile Include="credentiale.cpp">
      <Filter>Resource Files</Filter>
    </ClCompile>
    <ClCompile Include="login.cpp">
      <Filter>Resource Files</Filter>
    </ClCompile>
    <ClCompile Include="meniu.cpp">
      <Filter>Resource Files</Filter>
    </ClCompile>
    <ClCompile Include="produse.cpp">
      <Filter>Resource Files</Filter>
    </ClCompile>
    <ClCompile Include="componenteGaming.cpp">
      <Filter>Source Files</Filter>
    </ClCompile>
    <ClCompile Include="componenteOffice.cpp">
      <Filter>Source Files</Filter>
    </ClCompile>
    <ClCompile Include="pc.cpp">
      <Filter>Source Files</Filter>
    </ClCompile>
    <ClCompile Include="admin.cpp">
      <Filter>Source Files</Filter>
    </ClCompile>
    <ClCompile Include="user.cpp">
      <Filter>Source Files</Filter>
    </ClCompile>
    <ClCompile Include="IProduse.cpp">
      <Filter>Source Files</Filter>
    </ClCompile>
  </ItemGroup>
  <ItemGroup>
    <ClInclude Include="credentiale.h">
      <Filter>Header Files</Filter>
    </ClInclude>
    <ClInclude Include="user.h">
      <Filter>Header Files</Filter>
    </ClInclude>
    <ClInclude Include="login.h">
      <Filter>Header Files</Filter>
    </ClInclude>
    <ClInclude Include="meniu.h">
      <Filter>Header Files</Filter>
    </ClInclude>
    <ClInclude Include="produse.h">
      <Filter>Header Files</Filter>
    </ClInclude>
    <ClInclude Include="componenteGaming.h">
      <Filter>Header Files</Filter>
    </ClInclude>
    <ClInclude Include="componenteOffice.h">
      <Filter>Header Files</Filter>
    </ClInclude>
    <ClInclude Include="pc.h">
      <Filter>Header Files</Filter>
    </ClInclude>
    <ClInclude Include="admin.h">
      <Filter>Header Files</Filter>
    </ClInclude>
    <ClInclude Include="IProduse.h">
      <Filter>Header Files</Filter>
    </ClInclude>
  </ItemGroup>
  <ItemGroup>
    <None Include="0" />
    <None Include=".vs\ProjectSettings.json" />
    <None Include=".vs\slnx.sqlite" />
    <None Include=".vs\VSWorkspaceState.json" />
    <None Include="Debug\vc142.pdb" />
    <None Include="Debug\vc142.idb" />
    <None Include="Debug\ProiectPOO.pdb" />
    <None Include="Debug\ProiectPOO.ilk" />
    <None Include="Debug\ProiectPOO.exe.recipe" />
    <None Include="Debug\ProiectPOO.exe" />
    <None Include="Debug\ProiectPOO.tlog\ProiectPOO.lastbuildstate" />
    <None Include="Debug\ProiectPOO.tlog\link.write.1.tlog" />
    <None Include="Debug\ProiectPOO.tlog\link.read.1.tlog" />
    <None Include="Debug\ProiectPOO.tlog\link.command.1.tlog" />
    <None Include="Debug\ProiectPOO.tlog\CL.write.1.tlog" />
    <None Include="Debug\ProiectPOO.tlog\CL.command.1.tlog" />
    <None Include="Debug\ProiectPOO.tlog\CL.read.1.tlog" />
  </ItemGroup>
  <ItemGroup>
    <Text Include="Debug\ProiectPOO.vcxproj.FileListAbsolute.txt" />
    <Text Include="Debug\ProiectPOO.log" />
    <Text Include="Debug\ProiectPOO.Build.CppClean.log" />
  </ItemGroup>
  <ItemGroup>
    <Object Include="Debug\ProiectPOO.obj" />
    <Object Include="Debug\produse.obj" />
    <Object Include="Debug\meniu.obj" />
    <Object Include="Debug\login.obj" />
    <Object Include="Debug\credentiale.obj" />
    <Object Include="x64\Debug\pc.obj" />
    <Object Include="x64\Debug\componenteOffice.obj" />
    <Object Include="x64\Debug\componenteGaming.obj" />
    <Object Include="x64\Debug\login.obj" />
    <Object Include="x64\Debug\meniu.obj" />
    <Object Include="x64\Debug\produse.obj" />
    <Object Include="x64\Debug\ProiectPOO.obj" />
    <Object Include="x64\Debug\credentiale.obj" />
  </ItemGroup>
</Project>